# THIS IS AN AUTOGENERATED FILE. DO NOT EDIT THIS FILE DIRECTLY.
# yarn lockfile v1


did-resolver@^1.0.0:
  version "1.0.0"
  resolved "https://registry.yarnpkg.com/did-resolver/-/did-resolver-1.0.0.tgz#892bcffe66352b1360c928a23082a731c83ca7c3"
  integrity sha512-mgJG0oqlkG7jfRzW0yN9qKawp24M4thGFdfIaZI30SAJXhpkkjqbkRxqMZLJNwqXEM0cqFbXaiFDqnd9Q1UUaw==

ethereum-blockies-base64@^1.0.2:
  version "1.0.2"
  resolved "https://registry.yarnpkg.com/ethereum-blockies-base64/-/ethereum-blockies-base64-1.0.2.tgz#4aebca52142bf4d16a3144e6e2b59303e39ed2b3"
  integrity sha512-Vg2HTm7slcWNKaRhCUl/L3b4KrB8ohQXdd5Pu3OI897EcR6tVRvUqdTwAyx+dnmoDzj8e2bwBLDQ50ByFmcz6w==
  dependencies:
    pnglib "0.0.1"

pnglib@0.0.1:
  version "0.0.1"
  resolved "https://registry.yarnpkg.com/pnglib/-/pnglib-0.0.1.tgz#f9ab6f9c688f4a9d579ad8be28878a716e30c096"
  integrity sha1-+atvnGiPSp1Xmti+KIeKcW4wwJY=
